
Microsoft Visual Studio Solution File, Format Version 12.00
# Visual Studio Version 16
VisualStudioVersion = 16.0.29509.3
MinimumVisualStudioVersion = 10.0.40219.1
Project("{FAE04EC0-301F-11D3-BF4B-00C04F79EFBC}") = "практическая работа 4", "практическая работа 4\практическая работа 4.csproj", "{419E86EE-868A-4FDC-B8BD-FE0BB84F3407}"
EndProject
Global
	GlobalSection(SolutionConfigurationPlatforms) = preSolution
		Debug|Any CPU = Debug|Any CPU
		Release|Any CPU = Release|Any CPU
	EndGlobalSection
	GlobalSection(ProjectConfigurationPlatforms) = postSolution
		{419E86EE-868A-4FDC-B8BD-FE0BB84F3407}.Debug|Any CPU.ActiveCfg = Debug|Any CPU
		{419E86EE-868A-4FDC-B8BD-FE0BB84F3407}.Debug|Any CPU.Build.0 = Debug|Any CPU
		{419E86EE-868A-4FDC-B8BD-FE0BB84F3407}.Release|Any CPU.ActiveCfg = Release|Any CPU
		{419E86EE-868A-4FDC-B8BD-FE0BB84F3407}.Release|Any CPU.Build.0 = Release|Any CPU
	EndGlobalSection
	GlobalSection(SolutionProperties) = preSolution
		HideSolutionNode = FALSE
	EndGlobalSection
	GlobalSection(ExtensibilityGlobals) = postSolution
		SolutionGuid = {9F4A98D9-BA55-4B08-9644-EFD7ED8D5835}
	EndGlobalSection
EndGlobal
